
Microsoft Visual Studio Solution File, Format Version 12.00
# Visual Studio 2015
Project("{FAE04EC0-301F-11D3-BF4B-00C04F79EFBC}") = "GameAIProject1.CSharp", "GameAIProject1.CSharp.csproj", "{EEEC41B0-7225-AEB9-9569-764A072006B2}"
EndProject
Global
	GlobalSection(SolutionConfigurationPlatforms) = preSolution
		Debug|Any CPU = Debug|Any CPU
		Release|Any CPU = Release|Any CPU
	EndGlobalSection
	GlobalSection(ProjectConfigurationPlatforms) = postSolution
		{EEEC41B0-7225-AEB9-9569-764A072006B2}.Debug|Any CPU.ActiveCfg = Debug|Any CPU
		{EEEC41B0-7225-AEB9-9569-764A072006B2}.Debug|Any CPU.Build.0 = Debug|Any CPU
		{EEEC41B0-7225-AEB9-9569-764A072006B2}.Release|Any CPU.ActiveCfg = Release|Any CPU
		{EEEC41B0-7225-AEB9-9569-764A072006B2}.Release|Any CPU.Build.0 = Release|Any CPU
	EndGlobalSection
	GlobalSection(SolutionProperties) = preSolution
		HideSolutionNode = FALSE
	EndGlobalSection
EndGlobal
